
Microsoft Visual Studio Solution File, Format Version 12.00
# Visual Studio Version 16
VisualStudioVersion = 16.0.31205.134
MinimumVisualStudioVersion = 10.0.40219.1
Project("{FAE04EC0-301F-11D3-BF4B-00C04F79EFBC}") = "Identity-Razor", "Identity-Razor.csproj", "{D6333724-F98C-42A8-B635-6D61A801C0C0}"
EndProject
Global
	GlobalSection(SolutionConfigurationPlatforms) = preSolution
		Debug|Any CPU = Debug|Any CPU
		Release|Any CPU = Release|Any CPU
	EndGlobalSection
	GlobalSection(ProjectConfigurationPlatforms) = postSolution
		{D6333724-F98C-42A8-B635-6D61A801C0C0}.Debug|Any CPU.ActiveCfg = Debug|Any CPU
		{D6333724-F98C-42A8-B635-6D61A801C0C0}.Debug|Any CPU.Build.0 = Debug|Any CPU
		{D6333724-F98C-42A8-B635-6D61A801C0C0}.Release|Any CPU.ActiveCfg = Release|Any CPU
		{D6333724-F98C-42A8-B635-6D61A801C0C0}.Release|Any CPU.Build.0 = Release|Any CPU
	EndGlobalSection
	GlobalSection(SolutionProperties) = preSolution
		HideSolutionNode = FALSE
	EndGlobalSection
	GlobalSection(ExtensibilityGlobals) = postSolution
		SolutionGuid = {44AAC38B-1944-4258-8935-93CC58486C40}
	EndGlobalSection
EndGlobal
